dependencies:
  esp_container:
    component_hash: 340183e0379d7eb2aef7e61ff481be9ca24d9222555d56673468e156898f2602
    dependencies:
    - name: idf
      version: ==6.1.0
    - git: https://github.com/darren-you/wasm-micro-runtime.git
      name: wasm-micro-runtime
      version: c10736fffdf26d7c2ae234e05aa712df112eb6bf
    source:
      git: https://github.com/esp-space/esp-container.git
      path: components/esp_container
      type: git
    version: 52d94d696d4cb0de3ce6a037c844c16be7edfb54
  idf:
    source:
      type: idf
    version: 6.1.0
  wasm-micro-runtime:
    component_hash: 713ac0a363a97ad951440e9f5a495d5cac426ee5501667a61d8aed6291c3facc
    dependencies:
    - name: idf
      version: '>=4.4'
    source:
      git: https://github.com/darren-you/wasm-micro-runtime.git
      path: .
      type: git
    targets:
    - esp32
    - esp32s3
    - esp32c3
    - esp32c6
    - esp32p4
    - esp32c5
    version: c10736fffdf26d7c2ae234e05aa712df112eb6bf
direct_dependencies:
- esp_container
manifest_hash: 6d958d66fbcabe7cbdd256be660d97709bdc6e3f3afd09fa1b5ff2cc3d861184
target: esp32c3
version: 3.0.0
