dependencies:
  esp_container:
    component_hash: 46285191cc8401b7892e3c1656aaf2279e03d902563880741f5011d0687a0773
    dependencies:
    - name: idf
      version: ==6.1.0
    - git: https://github.com/darren-you/wasm-micro-runtime.git
      name: wasm-micro-runtime
      version: 26c235e53e29acd8b43abe7f3b524577bd4d1ae5
    source:
      git: https://github.com/esp-space/esp-container.git
      path: components/esp_container
      type: git
    version: 3b5f16f01aaf4695b514b1f5f81b21e4abbd85cd
  idf:
    source:
      type: idf
    version: 6.1.0
  wasm-micro-runtime:
    component_hash: a799be27248cadffdee6f6fae988dbdf3f5d423baab0b1008d74b8581b5ed507
    dependencies:
    - name: idf
      version: '>=4.4'
    source:
      git: https://github.com/darren-you/wasm-micro-runtime.git
      path: .
      type: git
    targets:
    - esp32
    - esp32s3
    - esp32c3
    - esp32c6
    - esp32p4
    - esp32c5
    version: 26c235e53e29acd8b43abe7f3b524577bd4d1ae5
direct_dependencies:
- esp_container
manifest_hash: d3316e3c9797a297c57d65a128f653ae232a9315e255c344ec00f09bfb3bc81f
target: esp32c3
version: 3.0.0
