dependencies:
  esp_container:
    component_hash: 14fdb3df08e393de7b9d7b11cb1dba487efc159bf5d73c746f0bcb7f26e6768d
    dependencies:
    - name: idf
      version: ==6.1.0
    - git: https://github.com/darren-you/wasm-micro-runtime.git
      name: wasm-micro-runtime
      version: c10736fffdf26d7c2ae234e05aa712df112eb6bf
    source:
      git: https://github.com/esp-space/esp-container.git
      path: components/esp_container
      type: git
    version: e8a0d0b6384bbba813b955ed08ebc315c134a707
  idf:
    source:
      type: idf
    version: 6.1.0
  wasm-micro-runtime:
    component_hash: 713ac0a363a97ad951440e9f5a495d5cac426ee5501667a61d8aed6291c3facc
    dependencies:
    - name: idf
      version: '>=4.4'
    source:
      git: https://github.com/darren-you/wasm-micro-runtime.git
      path: .
      type: git
    targets:
    - esp32
    - esp32s3
    - esp32c3
    - esp32c6
    - esp32p4
    - esp32c5
    version: c10736fffdf26d7c2ae234e05aa712df112eb6bf
direct_dependencies:
- esp_container
manifest_hash: 25d7899cf04020adfe0132d827be76a6fc170e2123cf140336b6919870ddb190
target: esp32c3
version: 3.0.0
