dependencies:
  esp_frp:
    component_hash: 857f31c5f545680cf5ecab5674a173d7567d0832fd3dd1ac33a15e0e60d067fb
    dependencies:
    - name: idf
      version: ==6.1.0
    - name: espressif/cjson
      version: ==1.7.19~2
    source:
      git: https://github.com/esp-space/esp-frp.git
      path: .
      type: git
    version: 3a40a2c06580232bbe23cb981eeb21c4d14d33c1
  esp_ota:
    component_hash: 1d98f08eeb6d3d47a3af126ac7f1e5024d1db6afbd56b2d3eb6662787fd3d6be
    dependencies:
    - name: idf
      version: ==6.1.0
    source:
      git: https://github.com/esp-space/esp-ota.git
      path: components/esp_ota
      type: git
    version: 3c3f72b823ce856b02f838fef17db1368e6d5448
  espressif/cjson:
    component_hash: e788323270d90738662d66fffa910bfe1fba019bba087f01557e70c40485b469
    dependencies:
    - name: idf
      require: private
      version: '>=5.0'
    source:
      registry_url: https://components.espressif.com/
      type: service
    version: 1.7.19~2
  idf:
    source:
      type: idf
    version: 6.1.0
  mqtt:
    component_hash: 91f4bb87f38c4551b282bdf898889c6be11a4db1a9d9c10b5cdd728bcba31dbc
    dependencies:
    - name: idf
      version: ==6.1.0
    source:
      git: https://github.com/esp-space/esp-mqtt.git
      path: .
      type: git
    version: 5bff093646d8db810d64c50c39edc004e78bf40c
direct_dependencies:
- esp_frp
- esp_ota
- espressif/cjson
- mqtt
manifest_hash: ea3fae07c8198a4ec1dc33201dcb84d3b6533c9787c35e399f211f7b045111cf
target: esp32c3
version: 3.0.0
