dependencies:
  esp_frp:
    component_hash: cdce4db7db242d1411863c79337d3e9e16e909dd78af49123c0bf22b811a76da
    dependencies:
    - name: idf
      version: ==6.1.0
    - name: espressif/cjson
      version: ==1.7.19~2
    source:
      git: https://github.com/darren-you/esp-frp.git
      path: .
      type: git
    version: 9158b7f2e2c555a14636aed26b5189902152d19e
  esp_ota:
    component_hash: d4fa00ef861447571d4a4624075b61b92e7800021a355077c1f0cdb658d0d805
    dependencies:
    - name: idf
      version: ==6.1.0
    source:
      git: https://github.com/darren-you/esp-ota.git
      path: components/esp_ota
      type: git
    version: 56944e160b1f7c919272d3a3d0c70b043e1a87d0
  espressif/cjson:
    component_hash: e788323270d90738662d66fffa910bfe1fba019bba087f01557e70c40485b469
    dependencies:
    - name: idf
      require: private
      version: '>=5.0'
    source:
      registry_url: https://components.espressif.com/
      type: service
    version: 1.7.19~2
  idf:
    source:
      type: idf
    version: 6.1.0
  mqtt:
    component_hash: e08f5b7d4092800de1d03856f61a82e4af3afb0b660fe7b12745e2d585124fa6
    dependencies:
    - name: idf
      version: ==6.1.0
    source:
      git: https://github.com/darren-you/esp-mqtt.git
      path: .
      type: git
    version: 113bdef20d862a1bf094fd3cdd833f641ab7aa64
direct_dependencies:
- esp_frp
- esp_ota
- espressif/cjson
- mqtt
manifest_hash: 0935a509fbdffa1b7f75ae3c42c32eb1a31c75490888d5b0ab7e7fd40a4ccbd7
target: esp32c3
version: 3.0.0
