dependencies:
  esp_frp:
    component_hash: 9563cad951bd01a6dd03c3f775f1feafd9b472fd28d624d105bd77e574aa9065
    dependencies:
    - name: idf
      version: ==6.1.0
    - name: espressif/cjson
      version: ==1.7.19~2
    source:
      git: https://github.com/darren-you/esp-frp.git
      path: .
      type: git
    version: fbf238f145749c3fe97fc3a51fadfb11293691af
  esp_ota:
    component_hash: 9e14fab000a1e2c6c905b83ce18a4bf6c052e345da1db2225bf4117470b2dd37
    dependencies:
    - name: idf
      version: ==6.1.0
    source:
      git: https://github.com/darren-you/esp-ota.git
      path: components/esp_ota
      type: git
    version: bdcc84c56aa8bb9c489b323985bad4943c864a9c
  espressif/cjson:
    component_hash: e788323270d90738662d66fffa910bfe1fba019bba087f01557e70c40485b469
    dependencies:
    - name: idf
      require: private
      version: '>=5.0'
    source:
      registry_url: https://components.espressif.com/
      type: service
    version: 1.7.19~2
  idf:
    source:
      type: idf
    version: 6.1.0
  mqtt:
    component_hash: d3950748d412619a625c05c7e3b750b1ada6c688f5f95e5c7c002f5ab55b11c0
    dependencies:
    - name: idf
      version: ==6.1.0
    source:
      git: https://github.com/darren-you/esp-mqtt.git
      path: .
      type: git
    version: ffed49d3c5d85b337f091f2bae9c005ba32749cc
direct_dependencies:
- esp_frp
- esp_ota
- espressif/cjson
- mqtt
manifest_hash: b384bd0332a7094865468d34f4a05f041164c37072d396dd737696780f6a615f
target: esp32c3
version: 3.0.0
